{
  "name": "@51hanhan-dev/init",
  "version": "0.0.4",
  "lockfileVersion": 2,
  "requires": true,
  "packages": {
    "": {
      "name": "@51hanhan-dev/init",
      "version": "0.0.4",
      "license": "ISC",
      "dependencies": {
        "@51hanhan-dev/command": "file:../../models/command",
        "@51hanhan-dev/log": "file:../../utils/log"
      }
    },
    "../../models/command": {
      "name": "@51hanhan-dev/command",
      "version": "0.0.4",
      "license": "ISC",
      "dependencies": {
        "@51hanhan-dev/log": "file:../../utils/log",
        "colors": "^1.4.0",
        "semver": "^7.3.8"
      }
    },
    "../../utils/log": {
      "version": "0.0.4",
      "license": "ISC",
      "dependencies": {
        "npmlog": "^4.1.2"
      }
    },
    "node_modules/@51hanhan-dev/command": {
      "resolved": "../../models/command",
      "link": true
    },
    "node_modules/@51hanhan-dev/log": {
      "resolved": "../../utils/log",
      "link": true
    }
  },
  "dependencies": {
    "@51hanhan-dev/command": {
      "version": "file:../../models/command",
      "requires": {
        "@51hanhan-dev/log": "file:../../utils/log",
        "colors": "^1.4.0",
        "semver": "^7.3.8"
      }
    },
    "@51hanhan-dev/log": {
      "version": "file:../../utils/log",
      "requires": {
        "npmlog": "^4.1.2"
      }
    }
  }
}
