{
  "name": "51hanhan-test",
  "version": "1.0.2",
  "lockfileVersion": 1,
  "requires": true,
  "dependencies": {
    "51hanhan-test-lib": {
      "version": "1.0.1",
      "resolved": "https://registry.npmjs.org/51hanhan-test-lib/-/51hanhan-test-lib-1.0.1.tgz",
      "integrity": "sha512-oB4QmSlP0Oauu8PAsfm8Oyjyw+giUxwcIYnyqE9vpclncRUYxQfBd6Pi9yb260W2T/5UH8mftflb9g6WHWjtBQ=="
    }
  }
}
